
Microsoft Visual Studio Solution File, Format Version 12.00
# Visual Studio Version 17
VisualStudioVersion = 17.4.33122.133
MinimumVisualStudioVersion = 10.0.40219.1
Project("{8BC9CEB8-8B4A-11D0-8D11-00A0C91BC942}") = "Example1_Server", "Example1_Server.vcxproj", "{8EB46A02-7F2D-40A8-9E34-0DCF371810B9}"
EndProject
Global
	GlobalSection(SolutionConfigurationPlatforms) = preSolution
		Debug|x64 = Debug|x64
		Debug|x86 = Debug|x86
		Release|x64 = Release|x64
		Release|x86 = Release|x86
	EndGlobalSection
	GlobalSection(ProjectConfigurationPlatforms) = postSolution
		{8EB46A02-7F2D-40A8-9E34-0DCF371810B9}.Debug|x64.ActiveCfg = Debug|x64
		{8EB46A02-7F2D-40A8-9E34-0DCF371810B9}.Debug|x64.Build.0 = Debug|x64
		{8EB46A02-7F2D-40A8-9E34-0DCF371810B9}.Debug|x86.ActiveCfg = Debug|Win32
		{8EB46A02-7F2D-40A8-9E34-0DCF371810B9}.Debug|x86.Build.0 = Debug|Win32
		{8EB46A02-7F2D-40A8-9E34-0DCF371810B9}.Release|x64.ActiveCfg = Release|x64
		{8EB46A02-7F2D-40A8-9E34-0DCF371810B9}.Release|x64.Build.0 = Release|x64
		{8EB46A02-7F2D-40A8-9E34-0DCF371810B9}.Release|x86.ActiveCfg = Release|Win32
		{8EB46A02-7F2D-40A8-9E34-0DCF371810B9}.Release|x86.Build.0 = Release|Win32
	EndGlobalSection
	GlobalSection(SolutionProperties) = preSolution
		HideSolutionNode = FALSE
	EndGlobalSection
	GlobalSection(ExtensibilityGlobals) = postSolution
		SolutionGuid = {8106548D-EC84-4FA6-9922-95DA5E5F4CE1}
	EndGlobalSection
EndGlobal
