
Microsoft Visual Studio Solution File, Format Version 12.00
# Visual Studio Version 17
VisualStudioVersion = 17.4.33122.133
MinimumVisualStudioVersion = 10.0.40219.1
Project("{8BC9CEB8-8B4A-11D0-8D11-00A0C91BC942}") = "Server", "Server.vcxproj", "{65A3C2D4-D6BC-4C78-A12C-5B84D3AE98A6}"
EndProject
Global
	GlobalSection(SolutionConfigurationPlatforms) = preSolution
		Debug|x64 = Debug|x64
		Debug|x86 = Debug|x86
		Release|x64 = Release|x64
		Release|x86 = Release|x86
	EndGlobalSection
	GlobalSection(ProjectConfigurationPlatforms) = postSolution
		{65A3C2D4-D6BC-4C78-A12C-5B84D3AE98A6}.Debug|x64.ActiveCfg = Debug|x64
		{65A3C2D4-D6BC-4C78-A12C-5B84D3AE98A6}.Debug|x64.Build.0 = Debug|x64
		{65A3C2D4-D6BC-4C78-A12C-5B84D3AE98A6}.Debug|x86.ActiveCfg = Debug|Win32
		{65A3C2D4-D6BC-4C78-A12C-5B84D3AE98A6}.Debug|x86.Build.0 = Debug|Win32
		{65A3C2D4-D6BC-4C78-A12C-5B84D3AE98A6}.Release|x64.ActiveCfg = Release|x64
		{65A3C2D4-D6BC-4C78-A12C-5B84D3AE98A6}.Release|x64.Build.0 = Release|x64
		{65A3C2D4-D6BC-4C78-A12C-5B84D3AE98A6}.Release|x86.ActiveCfg = Release|Win32
		{65A3C2D4-D6BC-4C78-A12C-5B84D3AE98A6}.Release|x86.Build.0 = Release|Win32
	EndGlobalSection
	GlobalSection(SolutionProperties) = preSolution
		HideSolutionNode = FALSE
	EndGlobalSection
	GlobalSection(ExtensibilityGlobals) = postSolution
		SolutionGuid = {8C1F106D-07CD-4D76-9DB2-012C696C6415}
	EndGlobalSection
EndGlobal
